
Microsoft Visual Studio Solution File, Format Version 12.00
# Visual Studio Version 16
VisualStudioVersion = 16.0.29201.188
MinimumVisualStudioVersion = 10.0.40219.1
Project("{FAE04EC0-301F-11D3-BF4B-00C04F79EFBC}") = "Taxi.Common", "Taxi.Common\Taxi.Common.csproj", "{794AD2CB-DD5C-44CE-A936-21331A4ADBBD}"
EndProject
Project("{FAE04EC0-301F-11D3-BF4B-00C04F79EFBC}") = "Taxi.Web", "Taxi.Web\Taxi.Web.csproj", "{C556FF8D-5E52-469A-85EB-34E2B770F0C8}"
EndProject
Project("{FAE04EC0-301F-11D3-BF4B-00C04F79EFBC}") = "Taxi.Prism", "Taxi.Prism\Taxi.Prism\Taxi.Prism.csproj", "{F79126FB-A8C3-4E14-83A5-42E0780636D4}"
EndProject
Project("{FAE04EC0-301F-11D3-BF4B-00C04F79EFBC}") = "Taxi.Prism.Android", "Taxi.Prism\Taxi.Prism.Android\Taxi.Prism.Android.csproj", "{42E6802C-28C3-407F-99E4-E0F913E10086}"
EndProject
Project("{FAE04EC0-301F-11D3-BF4B-00C04F79EFBC}") = "Taxi.Prism.iOS", "Taxi.Prism\Taxi.Prism.iOS\Taxi.Prism.iOS.csproj", "{11A25E0B-A4F3-48CB-A0DA-E939C09A32AA}"
EndProject
Project("{FAE04EC0-301F-11D3-BF4B-00C04F79EFBC}") = "Taxi.Cross.Android", "Taxi.Cross.Android\Taxi.Cross.Android.csproj", "{E33933CF-F0DC-429A-8233-79FBEC785DF1}"
EndProject
Project("{FAE04EC0-301F-11D3-BF4B-00C04F79EFBC}") = "Taxi.Cross.iOS", "Taxi.Cross.iOS\Taxi.Cross.iOS.csproj", "{2AD3B71D-CF3B-464C-A4C8-06810EAE3AF2}"
EndProject
Global
	GlobalSection(SolutionConfigurationPlatforms) = preSolution
		Ad-Hoc|Any CPU = Ad-Hoc|Any CPU
		Ad-Hoc|iPhone = Ad-Hoc|iPhone
		Ad-Hoc|iPhoneSimulator = Ad-Hoc|iPhoneSimulator
		AppStore|Any CPU = AppStore|Any CPU
		AppStore|iPhone = AppStore|iPhone
		AppStore|iPhoneSimulator = AppStore|iPhoneSimulator
		Debug|Any CPU = Debug|Any CPU
		Debug|iPhone = Debug|iPhone
		Debug|iPhoneSimulator = Debug|iPhoneSimulator
		Release|Any CPU = Release|Any CPU
		Release|iPhone = Release|iPhone
		Release|iPhoneSimulator = Release|iPhoneSimulator
	EndGlobalSection
	GlobalSection(ProjectConfigurationPlatforms) = postSolution
		{794AD2CB-DD5C-44CE-A936-21331A4ADBBD}.Ad-Hoc|Any CPU.ActiveCfg = Debug|Any CPU
		{794AD2CB-DD5C-44CE-A936-21331A4ADBBD}.Ad-Hoc|Any CPU.Build.0 = Debug|Any CPU
		{794AD2CB-DD5C-44CE-A936-21331A4ADBBD}.Ad-Hoc|iPhone.ActiveCfg = Debug|Any CPU
		{794AD2CB-DD5C-44CE-A936-21331A4ADBBD}.Ad-Hoc|iPhone.Build.0 = Debug|Any CPU
		{794AD2CB-DD5C-44CE-A936-21331A4ADBBD}.Ad-Hoc|iPhoneSimulator.ActiveCfg = Debug|Any CPU
		{794AD2CB-DD5C-44CE-A936-21331A4ADBBD}.Ad-Hoc|iPhoneSimulator.Build.0 = Debug|Any CPU
		{794AD2CB-DD5C-44CE-A936-21331A4ADBBD}.AppStore|Any CPU.ActiveCfg = Debug|Any CPU
		{794AD2CB-DD5C-44CE-A936-21331A4ADBBD}.AppStore|Any CPU.Build.0 = Debug|Any CPU
		{794AD2CB-DD5C-44CE-A936-21331A4ADBBD}.AppStore|iPhone.ActiveCfg = Debug|Any CPU
		{794AD2CB-DD5C-44CE-A936-21331A4ADBBD}.AppStore|iPhone.Build.0 = Debug|Any CPU
		{794AD2CB-DD5C-44CE-A936-21331A4ADBBD}.AppStore|iPhoneSimulator.ActiveCfg = Debug|Any CPU
		{794AD2CB-DD5C-44CE-A936-21331A4ADBBD}.AppStore|iPhoneSimulator.Build.0 = Debug|Any CPU
		{794AD2CB-DD5C-44CE-A936-21331A4ADBBD}.Debug|Any CPU.ActiveCfg = Debug|Any CPU
		{794AD2CB-DD5C-44CE-A936-21331A4ADBBD}.Debug|Any CPU.Build.0 = Debug|Any CPU
		{794AD2CB-DD5C-44CE-A936-21331A4ADBBD}.Debug|iPhone.ActiveCfg = Debug|Any CPU
		{794AD2CB-DD5C-44CE-A936-21331A4ADBBD}.Debug|iPhone.Build.0 = Debug|Any CPU
		{794AD2CB-DD5C-44CE-A936-21331A4ADBBD}.Debug|iPhoneSimulator.ActiveCfg = Debug|Any CPU
		{794AD2CB-DD5C-44CE-A936-21331A4ADBBD}.Debug|iPhoneSimulator.Build.0 = Debug|Any CPU
		{794AD2CB-DD5C-44CE-A936-21331A4ADBBD}.Release|Any CPU.ActiveCfg = Release|Any CPU
		{794AD2CB-DD5C-44CE-A936-21331A4ADBBD}.Release|Any CPU.Build.0 = Release|Any CPU
		{794AD2CB-DD5C-44CE-A936-21331A4ADBBD}.Release|iPhone.ActiveCfg = Release|Any CPU
		{794AD2CB-DD5C-44CE-A936-21331A4ADBBD}.Release|iPhone.Build.0 = Release|Any CPU
		{794AD2CB-DD5C-44CE-A936-21331A4ADBBD}.Release|iPhoneSimulator.ActiveCfg = Release|Any CPU
		{794AD2CB-DD5C-44CE-A936-21331A4ADBBD}.Release|iPhoneSimulator.Build.0 = Release|Any CPU
		{C556FF8D-5E52-469A-85EB-34E2B770F0C8}.Ad-Hoc|Any CPU.ActiveCfg = Debug|Any CPU
		{C556FF8D-5E52-469A-85EB-34E2B770F0C8}.Ad-Hoc|Any CPU.Build.0 = Debug|Any CPU
		{C556FF8D-5E52-469A-85EB-34E2B770F0C8}.Ad-Hoc|iPhone.ActiveCfg = Debug|Any CPU
		{C556FF8D-5E52-469A-85EB-34E2B770F0C8}.Ad-Hoc|iPhone.Build.0 = Debug|Any CPU
		{C556FF8D-5E52-469A-85EB-34E2B770F0C8}.Ad-Hoc|iPhoneSimulator.ActiveCfg = Debug|Any CPU
		{C556FF8D-5E52-469A-85EB-34E2B770F0C8}.Ad-Hoc|iPhoneSimulator.Build.0 = Debug|Any CPU
		{C556FF8D-5E52-469A-85EB-34E2B770F0C8}.AppStore|Any CPU.ActiveCfg = Debug|Any CPU
		{C556FF8D-5E52-469A-85EB-34E2B770F0C8}.AppStore|Any CPU.Build.0 = Debug|Any CPU
		{C556FF8D-5E52-469A-85EB-34E2B770F0C8}.AppStore|iPhone.ActiveCfg = Debug|Any CPU
		{C556FF8D-5E52-469A-85EB-34E2B770F0C8}.AppStore|iPhone.Build.0 = Debug|Any CPU
		{C556FF8D-5E52-469A-85EB-34E2B770F0C8}.AppStore|iPhoneSimulator.ActiveCfg = Debug|Any CPU
		{C556FF8D-5E52-469A-85EB-34E2B770F0C8}.AppStore|iPhoneSimulator.Build.0 = Debug|Any CPU
		{C556FF8D-5E52-469A-85EB-34E2B770F0C8}.Debug|Any CPU.ActiveCfg = Debug|Any CPU
		{C556FF8D-5E52-469A-85EB-34E2B770F0C8}.Debug|Any CPU.Build.0 = Debug|Any CPU
		{C556FF8D-5E52-469A-85EB-34E2B770F0C8}.Debug|iPhone.ActiveCfg = Debug|Any CPU
		{C556FF8D-5E52-469A-85EB-34E2B770F0C8}.Debug|iPhone.Build.0 = Debug|Any CPU
		{C556FF8D-5E52-469A-85EB-34E2B770F0C8}.Debug|iPhoneSimulator.ActiveCfg = Debug|Any CPU
		{C556FF8D-5E52-469A-85EB-34E2B770F0C8}.Debug|iPhoneSimulator.Build.0 = Debug|Any CPU
		{C556FF8D-5E52-469A-85EB-34E2B770F0C8}.Release|Any CPU.ActiveCfg = Release|Any CPU
		{C556FF8D-5E52-469A-85EB-34E2B770F0C8}.Release|Any CPU.Build.0 = Release|Any CPU
		{C556FF8D-5E52-469A-85EB-34E2B770F0C8}.Release|iPhone.ActiveCfg = Release|Any CPU
		{C556FF8D-5E52-469A-85EB-34E2B770F0C8}.Release|iPhone.Build.0 = Release|Any CPU
		{C556FF8D-5E52-469A-85EB-34E2B770F0C8}.Release|iPhoneSimulator.ActiveCfg = Release|Any CPU
		{C556FF8D-5E52-469A-85EB-34E2B770F0C8}.Release|iPhoneSimulator.Build.0 = Release|Any CPU
		{F79126FB-A8C3-4E14-83A5-42E0780636D4}.Ad-Hoc|Any CPU.ActiveCfg = Debug|Any CPU
		{F79126FB-A8C3-4E14-83A5-42E0780636D4}.Ad-Hoc|Any CPU.Build.0 = Debug|Any CPU
		{F79126FB-A8C3-4E14-83A5-42E0780636D4}.Ad-Hoc|iPhone.ActiveCfg = Debug|Any CPU
		{F79126FB-A8C3-4E14-83A5-42E0780636D4}.Ad-Hoc|iPhone.Build.0 = Debug|Any CPU
		{F79126FB-A8C3-4E14-83A5-42E0780636D4}.Ad-Hoc|iPhoneSimulator.ActiveCfg = Debug|Any CPU
		{F79126FB-A8C3-4E14-83A5-42E0780636D4}.Ad-Hoc|iPhoneSimulator.Build.0 = Debug|Any CPU
		{F79126FB-A8C3-4E14-83A5-42E0780636D4}.AppStore|Any CPU.ActiveCfg = Debug|Any CPU
		{F79126FB-A8C3-4E14-83A5-42E0780636D4}.AppStore|Any CPU.Build.0 = Debug|Any CPU
		{F79126FB-A8C3-4E14-83A5-42E0780636D4}.AppStore|iPhone.ActiveCfg = Debug|Any CPU
		{F79126FB-A8C3-4E14-83A5-42E0780636D4}.AppStore|iPhone.Build.0 = Debug|Any CPU
		{F79126FB-A8C3-4E14-83A5-42E0780636D4}.AppStore|iPhoneSimulator.ActiveCfg = Debug|Any CPU
		{F79126FB-A8C3-4E14-83A5-42E0780636D4}.AppStore|iPhoneSimulator.Build.0 = Debug|Any CPU
		{F79126FB-A8C3-4E14-83A5-42E0780636D4}.Debug|Any CPU.ActiveCfg = Debug|Any CPU
		{F79126FB-A8C3-4E14-83A5-42E0780636D4}.Debug|Any CPU.Build.0 = Debug|Any CPU
		{F79126FB-A8C3-4E14-83A5-42E0780636D4}.Debug|iPhone.ActiveCfg = Debug|Any CPU
		{F79126FB-A8C3-4E14-83A5-42E0780636D4}.Debug|iPhone.Build.0 = Debug|Any CPU
		{F79126FB-A8C3-4E14-83A5-42E0780636D4}.Debug|iPhoneSimulator.ActiveCfg = Debug|Any CPU
		{F79126FB-A8C3-4E14-83A5-42E0780636D4}.Debug|iPhoneSimulator.Build.0 = Debug|Any CPU
		{F79126FB-A8C3-4E14-83A5-42E0780636D4}.Release|Any CPU.ActiveCfg = Release|Any CPU
		{F79126FB-A8C3-4E14-83A5-42E0780636D4}.Release|Any CPU.Build.0 = Release|Any CPU
		{F79126FB-A8C3-4E14-83A5-42E0780636D4}.Release|iPhone.ActiveCfg = Release|Any CPU
		{F79126FB-A8C3-4E14-83A5-42E0780636D4}.Release|iPhone.Build.0 = Release|Any CPU
		{F79126FB-A8C3-4E14-83A5-42E0780636D4}.Release|iPhoneSimulator.ActiveCfg = Release|Any CPU
		{F79126FB-A8C3-4E14-83A5-42E0780636D4}.Release|iPhoneSimulator.Build.0 = Release|Any CPU
		{42E6802C-28C3-407F-99E4-E0F913E10086}.Ad-Hoc|Any CPU.ActiveCfg = Release|Any CPU
		{42E6802C-28C3-407F-99E4-E0F913E10086}.Ad-Hoc|Any CPU.Build.0 = Release|Any CPU
		{42E6802C-28C3-407F-99E4-E0F913E10086}.Ad-Hoc|Any CPU.Deploy.0 = Release|Any CPU
		{42E6802C-28C3-407F-99E4-E0F913E10086}.Ad-Hoc|iPhone.ActiveCfg = Release|Any CPU
		{42E6802C-28C3-407F-99E4-E0F913E10086}.Ad-Hoc|iPhone.Build.0 = Release|Any CPU
		{42E6802C-28C3-407F-99E4-E0F913E10086}.Ad-Hoc|iPhone.Deploy.0 = Release|Any CPU
		{42E6802C-28C3-407F-99E4-E0F913E10086}.Ad-Hoc|iPhoneSimulator.ActiveCfg = Release|Any CPU
		{42E6802C-28C3-407F-99E4-E0F913E10086}.Ad-Hoc|iPhoneSimulator.Build.0 = Release|Any CPU
		{42E6802C-28C3-407F-99E4-E0F913E10086}.Ad-Hoc|iPhoneSimulator.Deploy.0 = Release|Any CPU
		{42E6802C-28C3-407F-99E4-E0F913E10086}.AppStore|Any CPU.ActiveCfg = Release|Any CPU
		{42E6802C-28C3-407F-99E4-E0F913E10086}.AppStore|Any CPU.Build.0 = Release|Any CPU
		{42E6802C-28C3-407F-99E4-E0F913E10086}.AppStore|Any CPU.Deploy.0 = Release|Any CPU
		{42E6802C-28C3-407F-99E4-E0F913E10086}.AppStore|iPhone.ActiveCfg = Release|Any CPU
		{42E6802C-28C3-407F-99E4-E0F913E10086}.AppStore|iPhone.Build.0 = Release|Any CPU
		{42E6802C-28C3-407F-99E4-E0F913E10086}.AppStore|iPhone.Deploy.0 = Release|Any CPU
		{42E6802C-28C3-407F-99E4-E0F913E10086}.AppStore|iPhoneSimulator.ActiveCfg = Release|Any CPU
		{42E6802C-28C3-407F-99E4-E0F913E10086}.AppStore|iPhoneSimulator.Build.0 = Release|Any CPU
		{42E6802C-28C3-407F-99E4-E0F913E10086}.AppStore|iPhoneSimulator.Deploy.0 = Release|Any CPU
		{42E6802C-28C3-407F-99E4-E0F913E10086}.Debug|Any CPU.ActiveCfg = Debug|Any CPU
		{42E6802C-28C3-407F-99E4-E0F913E10086}.Debug|Any CPU.Build.0 = Debug|Any CPU
		{42E6802C-28C3-407F-99E4-E0F913E10086}.Debug|Any CPU.Deploy.0 = Debug|Any CPU
		{42E6802C-28C3-407F-99E4-E0F913E10086}.Debug|iPhone.ActiveCfg = Debug|Any CPU
		{42E6802C-28C3-407F-99E4-E0F913E10086}.Debug|iPhone.Build.0 = Debug|Any CPU
		{42E6802C-28C3-407F-99E4-E0F913E10086}.Debug|iPhone.Deploy.0 = Debug|Any CPU
		{42E6802C-28C3-407F-99E4-E0F913E10086}.Debug|iPhoneSimulator.ActiveCfg = Debug|Any CPU
		{42E6802C-28C3-407F-99E4-E0F913E10086}.Debug|iPhoneSimulator.Build.0 = Debug|Any CPU
		{42E6802C-28C3-407F-99E4-E0F913E10086}.Debug|iPhoneSimulator.Deploy.0 = Debug|Any CPU
		{42E6802C-28C3-407F-99E4-E0F913E10086}.Release|Any CPU.ActiveCfg = Release|Any CPU
		{42E6802C-28C3-407F-99E4-E0F913E10086}.Release|Any CPU.Build.0 = Release|Any CPU
		{42E6802C-28C3-407F-99E4-E0F913E10086}.Release|Any CPU.Deploy.0 = Release|Any CPU
		{42E6802C-28C3-407F-99E4-E0F913E10086}.Release|iPhone.ActiveCfg = Release|Any CPU
		{42E6802C-28C3-407F-99E4-E0F913E10086}.Release|iPhone.Build.0 = Release|Any CPU
		{42E6802C-28C3-407F-99E4-E0F913E10086}.Release|iPhone.Deploy.0 = Release|Any CPU
		{42E6802C-28C3-407F-99E4-E0F913E10086}.Release|iPhoneSimulator.ActiveCfg = Release|Any CPU
		{42E6802C-28C3-407F-99E4-E0F913E10086}.Release|iPhoneSimulator.Build.0 = Release|Any CPU
		{42E6802C-28C3-407F-99E4-E0F913E10086}.Release|iPhoneSimulator.Deploy.0 = Release|Any CPU
		{11A25E0B-A4F3-48CB-A0DA-E939C09A32AA}.Ad-Hoc|Any CPU.ActiveCfg = Ad-Hoc|iPhone
		{11A25E0B-A4F3-48CB-A0DA-E939C09A32AA}.Ad-Hoc|iPhone.ActiveCfg = Ad-Hoc|iPhone
		{11A25E0B-A4F3-48CB-A0DA-E939C09A32AA}.Ad-Hoc|iPhone.Build.0 = Ad-Hoc|iPhone
		{11A25E0B-A4F3-48CB-A0DA-E939C09A32AA}.Ad-Hoc|iPhoneSimulator.ActiveCfg = Ad-Hoc|iPhoneSimulator
		{11A25E0B-A4F3-48CB-A0DA-E939C09A32AA}.Ad-Hoc|iPhoneSimulator.Build.0 = Ad-Hoc|iPhoneSimulator
		{11A25E0B-A4F3-48CB-A0DA-E939C09A32AA}.AppStore|Any CPU.ActiveCfg = AppStore|iPhone
		{11A25E0B-A4F3-48CB-A0DA-E939C09A32AA}.AppStore|iPhone.ActiveCfg = AppStore|iPhone
		{11A25E0B-A4F3-48CB-A0DA-E939C09A32AA}.AppStore|iPhone.Build.0 = AppStore|iPhone
		{11A25E0B-A4F3-48CB-A0DA-E939C09A32AA}.AppStore|iPhoneSimulator.ActiveCfg = AppStore|iPhoneSimulator
		{11A25E0B-A4F3-48CB-A0DA-E939C09A32AA}.AppStore|iPhoneSimulator.Build.0 = AppStore|iPhoneSimulator
		{11A25E0B-A4F3-48CB-A0DA-E939C09A32AA}.Debug|Any CPU.ActiveCfg = Debug|iPhone
		{11A25E0B-A4F3-48CB-A0DA-E939C09A32AA}.Debug|iPhone.ActiveCfg = Debug|iPhone
		{11A25E0B-A4F3-48CB-A0DA-E939C09A32AA}.Debug|iPhone.Build.0 = Debug|iPhone
		{11A25E0B-A4F3-48CB-A0DA-E939C09A32AA}.Debug|iPhoneSimulator.ActiveCfg = Debug|iPhoneSimulator
		{11A25E0B-A4F3-48CB-A0DA-E939C09A32AA}.Debug|iPhoneSimulator.Build.0 = Debug|iPhoneSimulator
		{11A25E0B-A4F3-48CB-A0DA-E939C09A32AA}.Release|Any CPU.ActiveCfg = Release|iPhone
		{11A25E0B-A4F3-48CB-A0DA-E939C09A32AA}.Release|iPhone.ActiveCfg = Release|iPhone
		{11A25E0B-A4F3-48CB-A0DA-E939C09A32AA}.Release|iPhone.Build.0 = Release|iPhone
		{11A25E0B-A4F3-48CB-A0DA-E939C09A32AA}.Release|iPhoneSimulator.ActiveCfg = Release|iPhoneSimulator
		{11A25E0B-A4F3-48CB-A0DA-E939C09A32AA}.Release|iPhoneSimulator.Build.0 = Release|iPhoneSimulator
		{E33933CF-F0DC-429A-8233-79FBEC785DF1}.Ad-Hoc|Any CPU.ActiveCfg = Release|Any CPU
		{E33933CF-F0DC-429A-8233-79FBEC785DF1}.Ad-Hoc|Any CPU.Build.0 = Release|Any CPU
		{E33933CF-F0DC-429A-8233-79FBEC785DF1}.Ad-Hoc|Any CPU.Deploy.0 = Release|Any CPU
		{E33933CF-F0DC-429A-8233-79FBEC785DF1}.Ad-Hoc|iPhone.ActiveCfg = Release|Any CPU
		{E33933CF-F0DC-429A-8233-79FBEC785DF1}.Ad-Hoc|iPhone.Build.0 = Release|Any CPU
		{E33933CF-F0DC-429A-8233-79FBEC785DF1}.Ad-Hoc|iPhone.Deploy.0 = Release|Any CPU
		{E33933CF-F0DC-429A-8233-79FBEC785DF1}.Ad-Hoc|iPhoneSimulator.ActiveCfg = Release|Any CPU
		{E33933CF-F0DC-429A-8233-79FBEC785DF1}.Ad-Hoc|iPhoneSimulator.Build.0 = Release|Any CPU
		{E33933CF-F0DC-429A-8233-79FBEC785DF1}.Ad-Hoc|iPhoneSimulator.Deploy.0 = Release|Any CPU
		{E33933CF-F0DC-429A-8233-79FBEC785DF1}.AppStore|Any CPU.ActiveCfg = Release|Any CPU
		{E33933CF-F0DC-429A-8233-79FBEC785DF1}.AppStore|Any CPU.Build.0 = Release|Any CPU
		{E33933CF-F0DC-429A-8233-79FBEC785DF1}.AppStore|Any CPU.Deploy.0 = Release|Any CPU
		{E33933CF-F0DC-429A-8233-79FBEC785DF1}.AppStore|iPhone.ActiveCfg = Release|Any CPU
		{E33933CF-F0DC-429A-8233-79FBEC785DF1}.AppStore|iPhone.Build.0 = Release|Any CPU
		{E33933CF-F0DC-429A-8233-79FBEC785DF1}.AppStore|iPhone.Deploy.0 = Release|Any CPU
		{E33933CF-F0DC-429A-8233-79FBEC785DF1}.AppStore|iPhoneSimulator.ActiveCfg = Release|Any CPU
		{E33933CF-F0DC-429A-8233-79FBEC785DF1}.AppStore|iPhoneSimulator.Build.0 = Release|Any CPU
		{E33933CF-F0DC-429A-8233-79FBEC785DF1}.AppStore|iPhoneSimulator.Deploy.0 = Release|Any CPU
		{E33933CF-F0DC-429A-8233-79FBEC785DF1}.Debug|Any CPU.ActiveCfg = Debug|Any CPU
		{E33933CF-F0DC-429A-8233-79FBEC785DF1}.Debug|Any CPU.Build.0 = Debug|Any CPU
		{E33933CF-F0DC-429A-8233-79FBEC785DF1}.Debug|Any CPU.Deploy.0 = Debug|Any CPU
		{E33933CF-F0DC-429A-8233-79FBEC785DF1}.Debug|iPhone.ActiveCfg = Debug|Any CPU
		{E33933CF-F0DC-429A-8233-79FBEC785DF1}.Debug|iPhone.Build.0 = Debug|Any CPU
		{E33933CF-F0DC-429A-8233-79FBEC785DF1}.Debug|iPhone.Deploy.0 = Debug|Any CPU
		{E33933CF-F0DC-429A-8233-79FBEC785DF1}.Debug|iPhoneSimulator.ActiveCfg = Debug|Any CPU
		{E33933CF-F0DC-429A-8233-79FBEC785DF1}.Debug|iPhoneSimulator.Build.0 = Debug|Any CPU
		{E33933CF-F0DC-429A-8233-79FBEC785DF1}.Debug|iPhoneSimulator.Deploy.0 = Debug|Any CPU
		{E33933CF-F0DC-429A-8233-79FBEC785DF1}.Release|Any CPU.ActiveCfg = Release|Any CPU
		{E33933CF-F0DC-429A-8233-79FBEC785DF1}.Release|Any CPU.Build.0 = Release|Any CPU
		{E33933CF-F0DC-429A-8233-79FBEC785DF1}.Release|Any CPU.Deploy.0 = Release|Any CPU
		{E33933CF-F0DC-429A-8233-79FBEC785DF1}.Release|iPhone.ActiveCfg = Release|Any CPU
		{E33933CF-F0DC-429A-8233-79FBEC785DF1}.Release|iPhone.Build.0 = Release|Any CPU
		{E33933CF-F0DC-429A-8233-79FBEC785DF1}.Release|iPhone.Deploy.0 = Release|Any CPU
		{E33933CF-F0DC-429A-8233-79FBEC785DF1}.Release|iPhoneSimulator.ActiveCfg = Release|Any CPU
		{E33933CF-F0DC-429A-8233-79FBEC785DF1}.Release|iPhoneSimulator.Build.0 = Release|Any CPU
		{E33933CF-F0DC-429A-8233-79FBEC785DF1}.Release|iPhoneSimulator.Deploy.0 = Release|Any CPU
		{2AD3B71D-CF3B-464C-A4C8-06810EAE3AF2}.Ad-Hoc|Any CPU.ActiveCfg = Release|iPhone
		{2AD3B71D-CF3B-464C-A4C8-06810EAE3AF2}.Ad-Hoc|Any CPU.Build.0 = Release|iPhone
		{2AD3B71D-CF3B-464C-A4C8-06810EAE3AF2}.Ad-Hoc|iPhone.ActiveCfg = Release|iPhone
		{2AD3B71D-CF3B-464C-A4C8-06810EAE3AF2}.Ad-Hoc|iPhone.Build.0 = Release|iPhone
		{2AD3B71D-CF3B-464C-A4C8-06810EAE3AF2}.Ad-Hoc|iPhoneSimulator.ActiveCfg = Release|iPhoneSimulator
		{2AD3B71D-CF3B-464C-A4C8-06810EAE3AF2}.Ad-Hoc|iPhoneSimulator.Build.0 = Release|iPhoneSimulator
		{2AD3B71D-CF3B-464C-A4C8-06810EAE3AF2}.AppStore|Any CPU.ActiveCfg = Release|iPhone
		{2AD3B71D-CF3B-464C-A4C8-06810EAE3AF2}.AppStore|Any CPU.Build.0 = Release|iPhone
		{2AD3B71D-CF3B-464C-A4C8-06810EAE3AF2}.AppStore|iPhone.ActiveCfg = Release|iPhone
		{2AD3B71D-CF3B-464C-A4C8-06810EAE3AF2}.AppStore|iPhone.Build.0 = Release|iPhone
		{2AD3B71D-CF3B-464C-A4C8-06810EAE3AF2}.AppStore|iPhoneSimulator.ActiveCfg = Release|iPhoneSimulator
		{2AD3B71D-CF3B-464C-A4C8-06810EAE3AF2}.AppStore|iPhoneSimulator.Build.0 = Release|iPhoneSimulator
		{2AD3B71D-CF3B-464C-A4C8-06810EAE3AF2}.Debug|Any CPU.ActiveCfg = Debug|iPhone
		{2AD3B71D-CF3B-464C-A4C8-06810EAE3AF2}.Debug|iPhone.ActiveCfg = Debug|iPhone
		{2AD3B71D-CF3B-464C-A4C8-06810EAE3AF2}.Debug|iPhone.Build.0 = Debug|iPhone
		{2AD3B71D-CF3B-464C-A4C8-06810EAE3AF2}.Debug|iPhoneSimulator.ActiveCfg = Debug|iPhoneSimulator
		{2AD3B71D-CF3B-464C-A4C8-06810EAE3AF2}.Debug|iPhoneSimulator.Build.0 = Debug|iPhoneSimulator
		{2AD3B71D-CF3B-464C-A4C8-06810EAE3AF2}.Release|Any CPU.ActiveCfg = Release|iPhone
		{2AD3B71D-CF3B-464C-A4C8-06810EAE3AF2}.Release|iPhone.ActiveCfg = Release|iPhone
		{2AD3B71D-CF3B-464C-A4C8-06810EAE3AF2}.Release|iPhone.Build.0 = Release|iPhone
		{2AD3B71D-CF3B-464C-A4C8-06810EAE3AF2}.Release|iPhoneSimulator.ActiveCfg = Release|iPhoneSimulator
		{2AD3B71D-CF3B-464C-A4C8-06810EAE3AF2}.Release|iPhoneSimulator.Build.0 = Release|iPhoneSimulator
	EndGlobalSection
	GlobalSection(SolutionProperties) = preSolution
		HideSolutionNode = FALSE
	EndGlobalSection
	GlobalSection(ExtensibilityGlobals) = postSolution
		SolutionGuid = {6891491E-472E-4588-A94E-7587CFB403FB}
	EndGlobalSection
EndGlobal
